<?xml version="1.0" encoding="utf-8"?>
<Project ToolsVersion="4.0" xmlns="http://schemas.microsoft.com/developer/msbuild/2003">
  <ItemGroup>
    <Filter Include="소스 파일">
      <UniqueIdentifier>{4FC737F1-C7A5-4376-A066-2A32D752A2FF}</UniqueIdentifier>
      <Extensions>cpp;c;cc;cxx;c++;cppm;ixx;def;odl;idl;hpj;bat;asm;asmx</Extensions>
    </Filter>
    <Filter Include="헤더 파일">
      <UniqueIdentifier>{93995380-89BD-4b04-88EB-625FBE52EBFB}</UniqueIdentifier>
      <Extensions>h;hh;hpp;hxx;h++;hm;inl;inc;ipp;xsd</Extensions>
    </Filter>
    <Filter Include="리소스 파일">
      <UniqueIdentifier>{67DA6AB6-F800-4c08-8B7A-83BB121AAD01}</UniqueIdentifier>
      <Extensions>rc;ico;cur;bmp;dlg;rc2;rct;bin;rgs;gif;jpg;jpeg;jpe;resx;tiff;tif;png;wav;mfcribbon-ms</Extensions>
    </Filter>
    <Filter Include="TextRpg">
      <UniqueIdentifier>{321e64e3-844d-4953-a45f-068f6ddc83c5}</UniqueIdentifier>
    </Filter>
    <Filter Include="FSM">
      <UniqueIdentifier>{c49a2fb3-1e47-4be4-b6cf-3373450ab38f}</UniqueIdentifier>
    </Filter>
  </ItemGroup>
  <ItemGroup>
    <ClCompile Include="TextRpg_ForClass.cpp">
      <Filter>TextRpg</Filter>
    </ClCompile>
    <ClCompile Include="TR_Battle.cpp">
      <Filter>TextRpg</Filter>
    </ClCompile>
    <ClCompile Include="TR_MainGame.cpp">
      <Filter>TextRpg</Filter>
    </ClCompile>
    <ClCompile Include="TR_MapBuilder.cpp">
      <Filter>TextRpg</Filter>
    </ClCompile>
    <ClCompile Include="TR_Monster.cpp">
      <Filter>TextRpg</Filter>
    </ClCompile>
    <ClCompile Include="TR_Player.cpp">
      <Filter>TextRpg</Filter>
    </ClCompile>
    <ClCompile Include="TR_Struct.cpp">
      <Filter>TextRpg</Filter>
    </ClCompile>
    <ClCompile Include="CToString.cpp">
      <Filter>TextRpg</Filter>
    </ClCompile>
    <ClCompile Include="TR_OBJ.CPP">
      <Filter>TextRpg</Filter>
    </ClCompile>
    <ClCompile Include="TR_GameManager.cpp">
      <Filter>TextRpg</Filter>
    </ClCompile>
    <ClCompile Include="FSM_Attack.cpp">
      <Filter>FSM</Filter>
    </ClCompile>
    <ClCompile Include="FSM_Dead.cpp">
      <Filter>FSM</Filter>
    </ClCompile>
    <ClCompile Include="FSM_Idle.cpp">
      <Filter>FSM</Filter>
    </ClCompile>
    <ClCompile Include="FSM_Machine.cpp">
      <Filter>FSM</Filter>
    </ClCompile>
    <ClCompile Include="FSM_main.cpp">
      <Filter>FSM</Filter>
    </ClCompile>
    <ClCompile Include="FSM_Player.cpp">
      <Filter>FSM</Filter>
    </ClCompile>
  </ItemGroup>
  <ItemGroup>
    <ClInclude Include="mynamespace.h">
      <Filter>TextRpg</Filter>
    </ClInclude>
    <ClInclude Include="TR_Battle.h">
      <Filter>TextRpg</Filter>
    </ClInclude>
    <ClInclude Include="TR_Enum.h">
      <Filter>TextRpg</Filter>
    </ClInclude>
    <ClInclude Include="TR_MainGame.h">
      <Filter>TextRpg</Filter>
    </ClInclude>
    <ClInclude Include="TR_MapBuilder.h">
      <Filter>TextRpg</Filter>
    </ClInclude>
    <ClInclude Include="TR_Monster.h">
      <Filter>TextRpg</Filter>
    </ClInclude>
    <ClInclude Include="TR_Player.h">
      <Filter>TextRpg</Filter>
    </ClInclude>
    <ClInclude Include="TR_Struct.h">
      <Filter>TextRpg</Filter>
    </ClInclude>
    <ClInclude Include="CToString.h">
      <Filter>TextRpg</Filter>
    </ClInclude>
    <ClInclude Include="TR_Obj.h">
      <Filter>TextRpg</Filter>
    </ClInclude>
    <ClInclude Include="TR_GameManager.h">
      <Filter>TextRpg</Filter>
    </ClInclude>
    <ClInclude Include="FSM_Attack.h">
      <Filter>FSM</Filter>
    </ClInclude>
    <ClInclude Include="FSM_Dead.h">
      <Filter>FSM</Filter>
    </ClInclude>
    <ClInclude Include="FSM_Idle.h">
      <Filter>FSM</Filter>
    </ClInclude>
    <ClInclude Include="FSM_Machine.h">
      <Filter>FSM</Filter>
    </ClInclude>
    <ClInclude Include="FSM_mynamespace.h">
      <Filter>FSM</Filter>
    </ClInclude>
    <ClInclude Include="FSM_Player.h">
      <Filter>FSM</Filter>
    </ClInclude>
    <ClInclude Include="FSM_State.h">
      <Filter>FSM</Filter>
    </ClInclude>
  </ItemGroup>
</Project>