<?xml version="1.0" encoding="utf-8"?>
<Project ToolsVersion="4.0" xmlns="http://schemas.microsoft.com/developer/msbuild/2003">
  <ItemGroup>
    <Filter Include="소스 파일">
      <UniqueIdentifier>{4FC737F1-C7A5-4376-A066-2A32D752A2FF}</UniqueIdentifier>
      <Extensions>cpp;c;cc;cxx;c++;cppm;ixx;def;odl;idl;hpj;bat;asm;asmx</Extensions>
    </Filter>
    <Filter Include="헤더 파일">
      <UniqueIdentifier>{93995380-89BD-4b04-88EB-625FBE52EBFB}</UniqueIdentifier>
      <Extensions>h;hh;hpp;hxx;h++;hm;inl;inc;ipp;xsd</Extensions>
    </Filter>
    <Filter Include="리소스 파일">
      <UniqueIdentifier>{67DA6AB6-F800-4c08-8B7A-83BB121AAD01}</UniqueIdentifier>
      <Extensions>rc;ico;cur;bmp;dlg;rc2;rct;bin;rgs;gif;jpg;jpeg;jpe;resx;tiff;tif;png;wav;mfcribbon-ms</Extensions>
    </Filter>
    <Filter Include="소스 파일\Personal">
      <UniqueIdentifier>{189129f6-7622-407b-ad83-00fa27cb7ae5}</UniqueIdentifier>
    </Filter>
    <Filter Include="소스 파일\2404">
      <UniqueIdentifier>{18318418-0e2b-498a-b8e9-342d3b28cfaa}</UniqueIdentifier>
    </Filter>
    <Filter Include="소스 파일\2405">
      <UniqueIdentifier>{1d18bc94-a35e-4db4-a3e4-13279f016e45}</UniqueIdentifier>
    </Filter>
    <Filter Include="소스 파일\2404\Class">
      <UniqueIdentifier>{95a8bd38-0562-4d86-88b9-3bf88f647939}</UniqueIdentifier>
    </Filter>
    <Filter Include="소스 파일\2404\Header">
      <UniqueIdentifier>{e2a3c965-001b-4496-9808-13d3d9664304}</UniqueIdentifier>
    </Filter>
    <Filter Include="소스 파일\2405\Class">
      <UniqueIdentifier>{f6d5de37-3f22-4969-bc57-62dac6e2a127}</UniqueIdentifier>
    </Filter>
    <Filter Include="소스 파일\Personal\Class">
      <UniqueIdentifier>{bebeda1b-caab-418b-9d89-29d58a8117bf}</UniqueIdentifier>
    </Filter>
    <Filter Include="TextRpg">
      <UniqueIdentifier>{321e64e3-844d-4953-a45f-068f6ddc83c5}</UniqueIdentifier>
    </Filter>
  </ItemGroup>
  <ItemGroup>
    <ClCompile Include="240409.cpp">
      <Filter>소스 파일\2404\Class</Filter>
    </ClCompile>
    <ClCompile Include="240411.cpp">
      <Filter>소스 파일\2404\Class</Filter>
    </ClCompile>
    <ClCompile Include="240412.cpp">
      <Filter>소스 파일\2404\Class</Filter>
    </ClCompile>
    <ClCompile Include="240415.cpp">
      <Filter>소스 파일\2404\Class</Filter>
    </ClCompile>
    <ClCompile Include="240416.cpp">
      <Filter>소스 파일\2404\Class</Filter>
    </ClCompile>
    <ClCompile Include="240417.cpp">
      <Filter>소스 파일\2404\Class</Filter>
    </ClCompile>
    <ClCompile Include="240419.cpp">
      <Filter>소스 파일\2404\Class</Filter>
    </ClCompile>
    <ClCompile Include="240422.cpp">
      <Filter>소스 파일\2404\Class</Filter>
    </ClCompile>
    <ClCompile Include="240423.cpp">
      <Filter>소스 파일\2404\Class</Filter>
    </ClCompile>
    <ClCompile Include="240424.cpp">
      <Filter>소스 파일\2404\Class</Filter>
    </ClCompile>
    <ClCompile Include="2404textrpg.cpp">
      <Filter>소스 파일\2404\Class</Filter>
    </ClCompile>
    <ClCompile Include="240425.cpp">
      <Filter>소스 파일\2404\Class</Filter>
    </ClCompile>
    <ClCompile Include="memoryDebug.cpp">
      <Filter>소스 파일\2404\Class</Filter>
    </ClCompile>
    <ClCompile Include="240426.cpp">
      <Filter>소스 파일\2404\Class</Filter>
    </ClCompile>
    <ClCompile Include="TextRpg.cpp">
      <Filter>소스 파일\2404\Class</Filter>
    </ClCompile>
    <ClCompile Include="240429.cpp">
      <Filter>소스 파일\2404\Class</Filter>
    </ClCompile>
    <ClCompile Include="240507.cpp">
      <Filter>소스 파일\2405\Class</Filter>
    </ClCompile>
    <ClCompile Include="BackUp.cpp">
      <Filter>소스 파일\Personal\Class</Filter>
    </ClCompile>
    <ClCompile Include="240421Function.cpp">
      <Filter>소스 파일\Personal\Class</Filter>
    </ClCompile>
    <ClCompile Include="example.cpp">
      <Filter>소스 파일\Personal\Class</Filter>
    </ClCompile>
    <ClCompile Include="JusinStudy.cpp">
      <Filter>소스 파일\Personal\Class</Filter>
    </ClCompile>
    <ClCompile Include="Practice.cpp">
      <Filter>소스 파일\Personal\Class</Filter>
    </ClCompile>
    <ClCompile Include="0507Student.cpp">
      <Filter>소스 파일\2405\Class</Filter>
    </ClCompile>
    <ClCompile Include="0507MainGame.cpp">
      <Filter>소스 파일\2405\Class</Filter>
    </ClCompile>
    <ClCompile Include="Test.cpp">
      <Filter>소스 파일\2405\Class</Filter>
    </ClCompile>
    <ClCompile Include="HomeStudent.cpp">
      <Filter>소스 파일\Personal</Filter>
    </ClCompile>
    <ClCompile Include="HomeWork.cpp">
      <Filter>소스 파일\Personal</Filter>
    </ClCompile>
    <ClCompile Include="TextRpg_ForClass.cpp">
      <Filter>TextRpg</Filter>
    </ClCompile>
    <ClCompile Include="TR_Battle.cpp">
      <Filter>TextRpg</Filter>
    </ClCompile>
    <ClCompile Include="TR_MainGame.cpp">
      <Filter>TextRpg</Filter>
    </ClCompile>
    <ClCompile Include="TR_MapBuilder.cpp">
      <Filter>TextRpg</Filter>
    </ClCompile>
    <ClCompile Include="TR_Monster.cpp">
      <Filter>TextRpg</Filter>
    </ClCompile>
    <ClCompile Include="TR_Player.cpp">
      <Filter>TextRpg</Filter>
    </ClCompile>
    <ClCompile Include="TR_Struct.cpp">
      <Filter>TextRpg</Filter>
    </ClCompile>
    <ClCompile Include="CToString.cpp">
      <Filter>TextRpg</Filter>
    </ClCompile>
  </ItemGroup>
  <ItemGroup>
    <ClInclude Include="0507MainGame.h">
      <Filter>헤더 파일</Filter>
    </ClInclude>
    <ClInclude Include="0507Student.h">
      <Filter>헤더 파일</Filter>
    </ClInclude>
    <ClInclude Include="HomeWork.h">
      <Filter>헤더 파일</Filter>
    </ClInclude>
    <ClInclude Include="240421Function.h">
      <Filter>헤더 파일</Filter>
    </ClInclude>
    <ClInclude Include="BackUp.h">
      <Filter>헤더 파일</Filter>
    </ClInclude>
    <ClInclude Include="HomeStudent.h">
      <Filter>헤더 파일</Filter>
    </ClInclude>
    <ClInclude Include="mynamespace.h">
      <Filter>TextRpg</Filter>
    </ClInclude>
    <ClInclude Include="TR_Battle.h">
      <Filter>TextRpg</Filter>
    </ClInclude>
    <ClInclude Include="TR_Enum.h">
      <Filter>TextRpg</Filter>
    </ClInclude>
    <ClInclude Include="TR_MainGame.h">
      <Filter>TextRpg</Filter>
    </ClInclude>
    <ClInclude Include="TR_MapBuilder.h">
      <Filter>TextRpg</Filter>
    </ClInclude>
    <ClInclude Include="TR_Monster.h">
      <Filter>TextRpg</Filter>
    </ClInclude>
    <ClInclude Include="TR_Player.h">
      <Filter>TextRpg</Filter>
    </ClInclude>
    <ClInclude Include="TR_Struct.h">
      <Filter>TextRpg</Filter>
    </ClInclude>
    <ClInclude Include="CToString.h">
      <Filter>TextRpg</Filter>
    </ClInclude>
  </ItemGroup>
</Project>